
Microsoft Visual Studio Solution File, Format Version 12.00
# Visual Studio Version 17
VisualStudioVersion = 17.0.31912.275
MinimumVisualStudioVersion = 10.0.40219.1
Project("{9A19103F-16F7-4668-BE54-9A1E7A4F7556}") = "Miniräknare", "Miniräknare\Miniräknare.csproj", "{AEA54A97-93C9-4051-92B4-75C229BFE957}"
EndProject
Project("{FAE04EC0-301F-11D3-BF4B-00C04F79EFBC}") = "MiniräknareTests", "MiniräknareTests\MiniräknareTests.csproj", "{65DF7AD1-61C6-483A-A7E7-B7378CEDA99E}"
EndProject
Global
	GlobalSection(SolutionConfigurationPlatforms) = preSolution
		Debug|Any CPU = Debug|Any CPU
		Release|Any CPU = Release|Any CPU
	EndGlobalSection
	GlobalSection(ProjectConfigurationPlatforms) = postSolution
		{AEA54A97-93C9-4051-92B4-75C229BFE957}.Debug|Any CPU.ActiveCfg = Debug|Any CPU
		{AEA54A97-93C9-4051-92B4-75C229BFE957}.Debug|Any CPU.Build.0 = Debug|Any CPU
		{AEA54A97-93C9-4051-92B4-75C229BFE957}.Release|Any CPU.ActiveCfg = Release|Any CPU
		{AEA54A97-93C9-4051-92B4-75C229BFE957}.Release|Any CPU.Build.0 = Release|Any CPU
		{65DF7AD1-61C6-483A-A7E7-B7378CEDA99E}.Debug|Any CPU.ActiveCfg = Debug|Any CPU
		{65DF7AD1-61C6-483A-A7E7-B7378CEDA99E}.Debug|Any CPU.Build.0 = Debug|Any CPU
		{65DF7AD1-61C6-483A-A7E7-B7378CEDA99E}.Release|Any CPU.ActiveCfg = Release|Any CPU
		{65DF7AD1-61C6-483A-A7E7-B7378CEDA99E}.Release|Any CPU.Build.0 = Release|Any CPU
	EndGlobalSection
	GlobalSection(SolutionProperties) = preSolution
		HideSolutionNode = FALSE
	EndGlobalSection
	GlobalSection(ExtensibilityGlobals) = postSolution
		SolutionGuid = {52D67ECE-479C-4EDC-ADCF-BC630D5CF2BB}
	EndGlobalSection
EndGlobal
